// !$*UTF8*$!
{
	archiveVersion = 1;
	classes = {
	};
	objectVersion = 50;
	objects = {

/* Begin PBXBuildFile section */
		57C9FCCE24A1A1DB004D70AA /* AppDelegate.swift in Sources */ = {isa = PBXBuildFile; fileRef = 57C9FCCD24A1A1DB004D70AA /* AppDelegate.swift */; };
		57C9FCD024A1A1DB004D70AA /* SceneDelegate.swift in Sources */ = {isa = PBXBuildFile; fileRef = 57C9FCCF24A1A1DB004D70AA /* SceneDelegate.swift */; };
		57C9FCD224A1A1DB004D70AA /* ContentView.swift in Sources */ = {isa = PBXBuildFile; fileRef = 57C9FCD124A1A1DB004D70AA /* ContentView.swift */; };
		57C9FCD424A1A1DD004D70AA /* Assets.xcassets in Resources */ = {isa = PBXBuildFile; fileRef = 57C9FCD324A1A1DD004D70AA /* Assets.xcassets */; };
		57C9FCD724A1A1DD004D70AA /* Preview Assets.xcassets in Resources */ = {isa = PBXBuildFile; fileRef = 57C9FCD624A1A1DD004D70AA /* Preview Assets.xcassets */; };
		57C9FCDA24A1A1DD004D70AA /* LaunchScreen.storyboard in Resources */ = {isa = PBXBuildFile; fileRef = 57C9FCD824A1A1DD004D70AA /* LaunchScreen.storyboard */; };
		57C9FCE224A1A2BF004D70AA /* informationView.swift in Sources */ = {isa = PBXBuildFile; fileRef = 57C9FCE124A1A2BF004D70AA /* informationView.swift */; };
		57C9FCE424A1A32E004D70AA /* EventEditor.swift in Sources */ = {isa = PBXBuildFile; fileRef = 57C9FCE324A1A32E004D70AA /* EventEditor.swift */; };
		57C9FCE624A1A383004D70AA /* data.swift in Sources */ = {isa = PBXBuildFile; fileRef = 57C9FCE524A1A383004D70AA /* data.swift */; };
		57C9FCE824A1A559004D70AA /* secondpage.swift in Sources */ = {isa = PBXBuildFile; fileRef = 57C9FCE724A1A559004D70AA /* secondpage.swift */; };
		57C9FCEA24A1B387004D70AA /* EventRow.swift in Sources */ = {isa = PBXBuildFile; fileRef = 57C9FCE924A1B387004D70AA /* EventRow.swift */; };
		57C9FCEC24A1BE9A004D70AA /* CircleChart.swift in Sources */ = {isa = PBXBuildFile; fileRef = 57C9FCEB24A1BE9A004D70AA /* CircleChart.swift */; };
		57C9FCEE24A1BEA6004D70AA /* Dounuts.swift in Sources */ = {isa = PBXBuildFile; fileRef = 57C9FCED24A1BEA6004D70AA /* Dounuts.swift */; };
/* End PBXBuildFile section */

/* Begin PBXFileReference section */
		57C9FCCA24A1A1DB004D70AA /* CRUD_Ding.app */ = {isa = PBXFileReference; explicitFileType = wrapper.application; includeInIndex = 0; path = CRUD_Ding.app; sourceTree = BUILT_PRODUCTS_DIR; };
		57C9FCCD24A1A1DB004D70AA /* AppDelegate.swift */ = {isa = PBXFileReference; lastKnownFileType = sourcecode.swift; path = AppDelegate.swift; sourceTree = "<group>"; };
		57C9FCCF24A1A1DB004D70AA /* SceneDelegate.swift */ = {isa = PBXFileReference; lastKnownFileType = sourcecode.swift; path = SceneDelegate.swift; sourceTree = "<group>"; };
		57C9FCD124A1A1DB004D70AA /* ContentView.swift */ = {isa = PBXFileReference; lastKnownFileType = sourcecode.swift; path = ContentView.swift; sourceTree = "<group>"; };
		57C9FCD324A1A1DD004D70AA /* Assets.xcassets */ = {isa = PBXFileReference; lastKnownFileType = folder.assetcatalog; path = Assets.xcassets; sourceTree = "<group>"; };
		57C9FCD624A1A1DD004D70AA /* Preview Assets.xcassets */ = {isa = PBXFileReference; lastKnownFileType = folder.assetcatalog; path = "Preview Assets.xcassets"; sourceTree = "<group>"; };
		57C9FCD924A1A1DD004D70AA /* Base */ = {isa = PBXFileReference; lastKnownFileType = file.storyboard; name = Base; path = Base.lproj/LaunchScreen.storyboard; sourceTree = "<group>"; };
		57C9FCDB24A1A1DD004D70AA /* Info.plist */ = {isa = PBXFileReference; lastKnownFileType = text.plist.xml; path = Info.plist; sourceTree = "<group>"; };
		57C9FCE124A1A2BF004D70AA /* informationView.swift */ = {isa = PBXFileReference; lastKnownFileType = sourcecode.swift; path = informationView.swift; sourceTree = "<group>"; };
		57C9FCE324A1A32E004D70AA /* EventEditor.swift */ = {isa = PBXFileReference; lastKnownFileType = sourcecode.swift; path = EventEditor.swift; sourceTree = "<group>"; };
		57C9FCE524A1A383004D70AA /* data.swift */ = {isa = PBXFileReference; lastKnownFileType = sourcecode.swift; path = data.swift; sourceTree = "<group>"; };
		57C9FCE724A1A559004D70AA /* secondpage.swift */ = {isa = PBXFileReference; lastKnownFileType = sourcecode.swift; path = secondpage.swift; sourceTree = "<group>"; };
		57C9FCE924A1B387004D70AA /* EventRow.swift */ = {isa = PBXFileReference; lastKnownFileType = sourcecode.swift; path = EventRow.swift; sourceTree = "<group>"; };
		57C9FCEB24A1BE9A004D70AA /* CircleChart.swift */ = {isa = PBXFileReference; lastKnownFileType = sourcecode.swift; path = CircleChart.swift; sourceTree = "<group>"; };
		57C9FCED24A1BEA6004D70AA /* Dounuts.swift */ = {isa = PBXFileReference; lastKnownFileType = sourcecode.swift; path = Dounuts.swift; sourceTree = "<group>"; };
/* End PBXFileReference section */

/* Begin PBXFrameworksBuildPhase section */
		57C9FCC724A1A1DB004D70AA /* Frameworks */ = {
			isa = PBXFrameworksBuildPhase;
			buildActionMask = 2147483647;
			files = (
			);
			runOnlyForDeploymentPostprocessing = 0;
		};
/* End PBXFrameworksBuildPhase section */

/* Begin PBXGroup section */
		57C9FCC124A1A1DB004D70AA = {
			isa = PBXGroup;
			children = (
				57C9FCE524A1A383004D70AA /* data.swift */,
				57C9FCCC24A1A1DB004D70AA /* CRUD_Ding */,
				57C9FCCB24A1A1DB004D70AA /* Products */,
			);
			sourceTree = "<group>";
		};
		57C9FCCB24A1A1DB004D70AA /* Products */ = {
			isa = PBXGroup;
			children = (
				57C9FCCA24A1A1DB004D70AA /* CRUD_Ding.app */,
			);
			name = Products;
			sourceTree = "<group>";
		};
		57C9FCCC24A1A1DB004D70AA /* CRUD_Ding */ = {
			isa = PBXGroup;
			children = (
				57C9FCCD24A1A1DB004D70AA /* AppDelegate.swift */,
				57C9FCCF24A1A1DB004D70AA /* SceneDelegate.swift */,
				57C9FCD124A1A1DB004D70AA /* ContentView.swift */,
				57C9FCD324A1A1DD004D70AA /* Assets.xcassets */,
				57C9FCD824A1A1DD004D70AA /* LaunchScreen.storyboard */,
				57C9FCDB24A1A1DD004D70AA /* Info.plist */,
				57C9FCD524A1A1DD004D70AA /* Preview Content */,
				57C9FCE124A1A2BF004D70AA /* informationView.swift */,
				57C9FCE324A1A32E004D70AA /* EventEditor.swift */,
				57C9FCE724A1A559004D70AA /* secondpage.swift */,
				57C9FCE924A1B387004D70AA /* EventRow.swift */,
				57C9FCEB24A1BE9A004D70AA /* CircleChart.swift */,
				57C9FCED24A1BEA6004D70AA /* Dounuts.swift */,
			);
			path = CRUD_Ding;
			sourceTree = "<group>";
		};
		57C9FCD524A1A1DD004D70AA /* Preview Content */ = {
			isa = PBXGroup;
			children = (
				57C9FCD624A1A1DD004D70AA /* Preview Assets.xcassets */,
			);
			path = "Preview Content";
			sourceTree = "<group>";
		};
/* End PBXGroup section */

/* Begin PBXNativeTarget section */
		57C9FCC924A1A1DB004D70AA /* CRUD_Ding */ = {
			isa = PBXNativeTarget;
			buildConfigurationList = 57C9FCDE24A1A1DD004D70AA /* Build configuration list for PBXNativeTarget "CRUD_Ding" */;
			buildPhases = (
				57C9FCC624A1A1DB004D70AA /* Sources */,
				57C9FCC724A1A1DB004D70AA /* Frameworks */,
				57C9FCC824A1A1DB004D70AA /* Resources */,
			);
			buildRules = (
			);
			dependencies = (
			);
			name = CRUD_Ding;
			productName = CRUD_Ding;
			productReference = 57C9FCCA24A1A1DB004D70AA /* CRUD_Ding.app */;
			productType = "com.apple.product-type.application";
		};
/* End PBXNativeTarget section */

/* Begin PBXProject section */
		57C9FCC224A1A1DB004D70AA /* Project object */ = {
			isa = PBXProject;
			attributes = {
				LastSwiftUpdateCheck = 1110;
				LastUpgradeCheck = 1110;
				ORGANIZATIONNAME = sun;
				TargetAttributes = {
					57C9FCC924A1A1DB004D70AA = {
						CreatedOnToolsVersion = 11.1;
					};
				};
			};
			buildConfigurationList = 57C9FCC524A1A1DB004D70AA /* Build configuration list for PBXProject "CRUD_Ding" */;
			compatibilityVersion = "Xcode 9.3";
			developmentRegion = en;
			hasScannedForEncodings = 0;
			knownRegions = (
				en,
				Base,
			);
			mainGroup = 57C9FCC124A1A1DB004D70AA;
			productRefGroup = 57C9FCCB24A1A1DB004D70AA /* Products */;
			projectDirPath = "";
			projectRoot = "";
			targets = (
				57C9FCC924A1A1DB004D70AA /* CRUD_Ding */,
			);
		};
/* End PBXProject section */

/* Begin PBXResourcesBuildPhase section */
		57C9FCC824A1A1DB004D70AA /* Resources */ = {
			isa = PBXResourcesBuildPhase;
			buildActionMask = 2147483647;
			files = (
				57C9FCDA24A1A1DD004D70AA /* LaunchScreen.storyboard in Resources */,
				57C9FCD724A1A1DD004D70AA /* Preview Assets.xcassets in Resources */,
				57C9FCD424A1A1DD004D70AA /* Assets.xcassets in Resources */,
			);
			runOnlyForDeploymentPostprocessing = 0;
		};
/* End PBXResourcesBuildPhase section */

/* Begin PBXSourcesBuildPhase section */
		57C9FCC624A1A1DB004D70AA /* Sources */ = {
			isa = PBXSourcesBuildPhase;
			buildActionMask = 2147483647;
			files = (
				57C9FCCE24A1A1DB004D70AA /* AppDelegate.swift in Sources */,
				57C9FCE624A1A383004D70AA /* data.swift in Sources */,
				57C9FCEC24A1BE9A004D70AA /* CircleChart.swift in Sources */,
				57C9FCE224A1A2BF004D70AA /* informationView.swift in Sources */,
				57C9FCEA24A1B387004D70AA /* EventRow.swift in Sources */,
				57C9FCE824A1A559004D70AA /* secondpage.swift in Sources */,
				57C9FCD024A1A1DB004D70AA /* SceneDelegate.swift in Sources */,
				57C9FCE424A1A32E004D70AA /* EventEditor.swift in Sources */,
				57C9FCEE24A1BEA6004D70AA /* Dounuts.swift in Sources */,
				57C9FCD224A1A1DB004D70AA /* ContentView.swift in Sources */,
			);
			runOnlyForDeploymentPostprocessing = 0;
		};
/* End PBXSourcesBuildPhase section */

/* Begin PBXVariantGroup section */
		57C9FCD824A1A1DD004D70AA /* LaunchScreen.storyboard */ = {
			isa = PBXVariantGroup;
			children = (
				57C9FCD924A1A1DD004D70AA /* Base */,
			);
			name = LaunchScreen.storyboard;
			sourceTree = "<group>";
		};
/* End PBXVariantGroup section */

/* Begin XCBuildConfiguration section */
		57C9FCDC24A1A1DD004D70AA /* Debug */ = {
			isa = XCBuildConfiguration;
			buildSettings = {
				ALWAYS_SEARCH_USER_PATHS = NO;
				CLANG_ANALYZER_NONNULL = YES;
				CLANG_ANALYZER_NUMBER_OBJECT_CONVERSION = YES_AGGRESSIVE;
				CLANG_CXX_LANGUAGE_STANDARD = "gnu++14";
				CLANG_CXX_LIBRARY = "libc++";
				CLANG_ENABLE_MODULES = YES;
				CLANG_ENABLE_OBJC_ARC = YES;
				CLANG_ENABLE_OBJC_WEAK = YES;
				CLANG_WARN_BLOCK_CAPTURE_AUTORELEASING = YES;
				CLANG_WARN_BOOL_CONVERSION = YES;
				CLANG_WARN_COMMA = YES;
				CLANG_WARN_CONSTANT_CONVERSION = YES;
				CLANG_WARN_DEPRECATED_OBJC_IMPLEMENTATIONS = YES;
				CLANG_WARN_DIRECT_OBJC_ISA_USAGE = YES_ERROR;
				CLANG_WARN_DOCUMENTATION_COMMENTS = YES;
				CLANG_WARN_EMPTY_BODY = YES;
				CLANG_WARN_ENUM_CONVERSION = YES;
				CLANG_WARN_INFINITE_RECURSION = YES;
				CLANG_WARN_INT_CONVERSION = YES;
				CLANG_WARN_NON_LITERAL_NULL_CONVERSION = YES;
				CLANG_WARN_OBJC_IMPLICIT_RETAIN_SELF = YES;
				CLANG_WARN_OBJC_LITERAL_CONVERSION = YES;
				CLANG_WARN_OBJC_ROOT_CLASS = YES_ERROR;
				CLANG_WARN_RANGE_LOOP_ANALYSIS = YES;
				CLANG_WARN_STRICT_PROTOTYPES = YES;
				CLANG_WARN_SUSPICIOUS_MOVE = YES;
				CLANG_WARN_UNGUARDED_AVAILABILITY = YES_AGGRESSIVE;
				CLANG_WARN_UNREACHABLE_CODE = YES;
				CLANG_WARN__DUPLICATE_METHOD_MATCH = YES;
				COPY_PHASE_STRIP = NO;
				DEBUG_INFORMATION_FORMAT = dwarf;
				ENABLE_STRICT_OBJC_MSGSEND = YES;
				ENABLE_TESTABILITY = YES;
				GCC_C_LANGUAGE_STANDARD = gnu11;
				GCC_DYNAMIC_NO_PIC = NO;
				GCC_NO_COMMON_BLOCKS = YES;
				GCC_OPTIMIZATION_LEVEL = 0;
				GCC_PREPROCESSOR_DEFINITIONS = (
					"DEBUG=1",
					"$(inherited)",
				);
				GCC_WARN_64_TO_32_BIT_CONVERSION = YES;
				GCC_WARN_ABOUT_RETURN_TYPE = YES_ERROR;
				GCC_WARN_UNDECLARED_SELECTOR = YES;
				GCC_WARN_UNINITIALIZED_AUTOS = YES_AGGRESSIVE;
				GCC_WARN_UNUSED_FUNCTION = YES;
				GCC_WARN_UNUSED_VARIABLE = YES;
				IPHONEOS_DEPLOYMENT_TARGET = 13.1;
				MTL_ENABLE_DEBUG_INFO = INCLUDE_SOURCE;
				MTL_FAST_MATH = YES;
				ONLY_ACTIVE_ARCH = YES;
				SDKROOT = iphoneos;
				SWIFT_ACTIVE_COMPILATION_CONDITIONS = DEBUG;
				SWIFT_OPTIMIZATION_LEVEL = "-Onone";
			};
			name = Debug;
		};
		57C9FCDD24A1A1DD004D70AA /* Release */ = {
			isa = XCBuildConfiguration;
			buildSettings = {
				ALWAYS_SEARCH_USER_PATHS = NO;
				CLANG_ANALYZER_NONNULL = YES;
				CLANG_ANALYZER_NUMBER_OBJECT_CONVERSION = YES_AGGRESSIVE;
				CLANG_CXX_LANGUAGE_STANDARD = "gnu++14";
				CLANG_CXX_LIBRARY = "libc++";
				CLANG_ENABLE_MODULES = YES;
				CLANG_ENABLE_OBJC_ARC = YES;
				CLANG_ENABLE_OBJC_WEAK = YES;
				CLANG_WARN_BLOCK_CAPTURE_AUTORELEASING = YES;
				CLANG_WARN_BOOL_CONVERSION = YES;
				CLANG_WARN_COMMA = YES;
				CLANG_WARN_CONSTANT_CONVERSION = YES;
				CLANG_WARN_DEPRECATED_OBJC_IMPLEMENTATIONS = YES;
				CLANG_WARN_DIRECT_OBJC_ISA_USAGE = YES_ERROR;
				CLANG_WARN_DOCUMENTATION_COMMENTS = YES;
				CLANG_WARN_EMPTY_BODY = YES;
				CLANG_WARN_ENUM_CONVERSION = YES;
				CLANG_WARN_INFINITE_RECURSION = YES;
				CLANG_WARN_INT_CONVERSION = YES;
				CLANG_WARN_NON_LITERAL_NULL_CONVERSION = YES;
				CLANG_WARN_OBJC_IMPLICIT_RETAIN_SELF = YES;
				CLANG_WARN_OBJC_LITERAL_CONVERSION = YES;
				CLANG_WARN_OBJC_ROOT_CLASS = YES_ERROR;
				CLANG_WARN_RANGE_LOOP_ANALYSIS = YES;
				CLANG_WARN_STRICT_PROTOTYPES = YES;
				CLANG_WARN_SUSPICIOUS_MOVE = YES;
				CLANG_WARN_UNGUARDED_AVAILABILITY = YES_AGGRESSIVE;
				CLANG_WARN_UNREACHABLE_CODE = YES;
				CLANG_WARN__DUPLICATE_METHOD_MATCH = YES;
				COPY_PHASE_STRIP = NO;
				DEBUG_INFORMATION_FORMAT = "dwarf-with-dsym";
				ENABLE_NS_ASSERTIONS = NO;
				ENABLE_STRICT_OBJC_MSGSEND = YES;
				GCC_C_LANGUAGE_STANDARD = gnu11;
				GCC_NO_COMMON_BLOCKS = YES;
				GCC_WARN_64_TO_32_BIT_CONVERSION = YES;
				GCC_WARN_ABOUT_RETURN_TYPE = YES_ERROR;
				GCC_WARN_UNDECLARED_SELECTOR = YES;
				GCC_WARN_UNINITIALIZED_AUTOS = YES_AGGRESSIVE;
				GCC_WARN_UNUSED_FUNCTION = YES;
				GCC_WARN_UNUSED_VARIABLE = YES;
				IPHONEOS_DEPLOYMENT_TARGET = 13.1;
				MTL_ENABLE_DEBUG_INFO = NO;
				MTL_FAST_MATH = YES;
				SDKROOT = iphoneos;
				SWIFT_COMPILATION_MODE = wholemodule;
				SWIFT_OPTIMIZATION_LEVEL = "-O";
				VALIDATE_PRODUCT = YES;
			};
			name = Release;
		};
		57C9FCDF24A1A1DD004D70AA /* Debug */ = {
			isa = XCBuildConfiguration;
			buildSettings = {
				ASSETCATALOG_COMPILER_APPICON_NAME = AppIcon;
				CODE_SIGN_STYLE = Automatic;
				DEVELOPMENT_ASSET_PATHS = "\"CRUD_Ding/Preview Content\"";
				DEVELOPMENT_TEAM = FV52AXG48W;
				ENABLE_PREVIEWS = YES;
				INFOPLIST_FILE = CRUD_Ding/Info.plist;
				LD_RUNPATH_SEARCH_PATHS = (
					"$(inherited)",
					"@executable_path/Frameworks",
				);
				PRODUCT_BUNDLE_IDENTIFIER = "brian.CRUD-Ding";
				PRODUCT_NAME = "$(TARGET_NAME)";
				SWIFT_VERSION = 5.0;
				TARGETED_DEVICE_FAMILY = "1,2";
			};
			name = Debug;
		};
		57C9FCE024A1A1DD004D70AA /* Release */ = {
			isa = XCBuildConfiguration;
			buildSettings = {
				ASSETCATALOG_COMPILER_APPICON_NAME = AppIcon;
				CODE_SIGN_STYLE = Automatic;
				DEVELOPMENT_ASSET_PATHS = "\"CRUD_Ding/Preview Content\"";
				DEVELOPMENT_TEAM = FV52AXG48W;
				ENABLE_PREVIEWS = YES;
				INFOPLIST_FILE = CRUD_Ding/Info.plist;
				LD_RUNPATH_SEARCH_PATHS = (
					"$(inherited)",
					"@executable_path/Frameworks",
				);
				PRODUCT_BUNDLE_IDENTIFIER = "brian.CRUD-Ding";
				PRODUCT_NAME = "$(TARGET_NAME)";
				SWIFT_VERSION = 5.0;
				TARGETED_DEVICE_FAMILY = "1,2";
			};
			name = Release;
		};
/* End XCBuildConfiguration section */

/* Begin XCConfigurationList section */
		57C9FCC524A1A1DB004D70AA /* Build configuration list for PBXProject "CRUD_Ding" */ = {
			isa = XCConfigurationList;
			buildConfigurations = (
				57C9FCDC24A1A1DD004D70AA /* Debug */,
				57C9FCDD24A1A1DD004D70AA /* Release */,
			);
			defaultConfigurationIsVisible = 0;
			defaultConfigurationName = Release;
		};
		57C9FCDE24A1A1DD004D70AA /* Build configuration list for PBXNativeTarget "CRUD_Ding" */ = {
			isa = XCConfigurationList;
			buildConfigurations = (
				57C9FCDF24A1A1DD004D70AA /* Debug */,
				57C9FCE024A1A1DD004D70AA /* Release */,
			);
			defaultConfigurationIsVisible = 0;
			defaultConfigurationName = Release;
		};
/* End XCConfigurationList section */
	};
	rootObject = 57C9FCC224A1A1DB004D70AA /* Project object */;
}
